// !$*UTF8*$!
{
	archiveVersion = 1;
	classes = {
	};
	objectVersion = 52;
	objects = {

/* Begin PBXBuildFile section */
		3DBAE3E8257161E200B019DB /* AppDelegate.swift in Sources */ = {isa = PBXBuildFile; fileRef = 3DBAE3E7257161E200B019DB /* AppDelegate.swift */; };
		3DBAE3EA257161E200B019DB /* SceneDelegate.swift in Sources */ = {isa = PBXBuildFile; fileRef = 3DBAE3E9257161E200B019DB /* SceneDelegate.swift */; };
		3DBAE3EC257161E200B019DB /* ContentView.swift in Sources */ = {isa = PBXBuildFile; fileRef = 3DBAE3EB257161E200B019DB /* ContentView.swift */; };
		3DBAE3EE257161E500B019DB /* Assets.xcassets in Resources */ = {isa = PBXBuildFile; fileRef = 3DBAE3ED257161E500B019DB /* Assets.xcassets */; };
		3DBAE3F4257161E500B019DB /* LaunchScreen.storyboard in Resources */ = {isa = PBXBuildFile; fileRef = 3DBAE3F2257161E500B019DB /* LaunchScreen.storyboard */; };
		3DBAE4042571630D00B019DB /* PreviewAssets.xcassets in Resources */ = {isa = PBXBuildFile; fileRef = 3DBAE4032571630D00B019DB /* PreviewAssets.xcassets */; };
		3DBAE41C257165C600B019DB /* Quick in Frameworks */ = {isa = PBXBuildFile; productRef = 3DBAE41B257165C600B019DB /* Quick */; };
		3DBAE421257165EF00B019DB /* Nimble in Frameworks */ = {isa = PBXBuildFile; productRef = 3DBAE420257165EF00B019DB /* Nimble */; };
		3DBAE4282571678200B019DB /* Credentials.swift in Sources */ = {isa = PBXBuildFile; fileRef = 3DBAE4272571678200B019DB /* Credentials.swift */; };
		3DBAE42E257167AA00B019DB /* Authenticator.swift in Sources */ = {isa = PBXBuildFile; fileRef = 3DBAE42D257167AA00B019DB /* Authenticator.swift */; };
		3DBAE4342571689F00B019DB /* FirebaseAnalyticsAuthenticatorTracker.swift in Sources */ = {isa = PBXBuildFile; fileRef = 3DBAE4332571689F00B019DB /* FirebaseAnalyticsAuthenticatorTracker.swift */; };
		3DBAE4412571691500B019DB /* AuthenticatorPresenter.swift in Sources */ = {isa = PBXBuildFile; fileRef = 3DBAE4402571691500B019DB /* AuthenticatorPresenter.swift */; };
		3DBAE4472571697D00B019DB /* AuthenticatorDelegateMultiplexer.swift in Sources */ = {isa = PBXBuildFile; fileRef = 3DBAE4462571697D00B019DB /* AuthenticatorDelegateMultiplexer.swift */; };
/* End PBXBuildFile section */

/* Begin PBXContainerItemProxy section */
		3DBAE4132571656200B019DB /* PBXContainerItemProxy */ = {
			isa = PBXContainerItemProxy;
			containerPortal = 3DBAE3DC257161E200B019DB /* Project object */;
			proxyType = 1;
			remoteGlobalIDString = 3DBAE3E3257161E200B019DB;
			remoteInfo = Insurgency;
		};
/* End PBXContainerItemProxy section */

/* Begin PBXFileReference section */
		3DBAE3E4257161E200B019DB /* Insurgency.app */ = {isa = PBXFileReference; explicitFileType = wrapper.application; includeInIndex = 0; path = Insurgency.app; sourceTree = BUILT_PRODUCTS_DIR; };
		3DBAE3E7257161E200B019DB /* AppDelegate.swift */ = {isa = PBXFileReference; lastKnownFileType = sourcecode.swift; path = AppDelegate.swift; sourceTree = "<group>"; };
		3DBAE3E9257161E200B019DB /* SceneDelegate.swift */ = {isa = PBXFileReference; lastKnownFileType = sourcecode.swift; path = SceneDelegate.swift; sourceTree = "<group>"; };
		3DBAE3EB257161E200B019DB /* ContentView.swift */ = {isa = PBXFileReference; lastKnownFileType = sourcecode.swift; path = ContentView.swift; sourceTree = "<group>"; };
		3DBAE3ED257161E500B019DB /* Assets.xcassets */ = {isa = PBXFileReference; lastKnownFileType = folder.assetcatalog; path = Assets.xcassets; sourceTree = "<group>"; };
		3DBAE3F3257161E500B019DB /* Base */ = {isa = PBXFileReference; lastKnownFileType = file.storyboard; name = Base; path = Base.lproj/LaunchScreen.storyboard; sourceTree = "<group>"; };
		3DBAE3F5257161E500B019DB /* Info.plist */ = {isa = PBXFileReference; lastKnownFileType = text.plist.xml; path = Info.plist; sourceTree = "<group>"; };
		3DBAE4032571630D00B019DB /* PreviewAssets.xcassets */ = {isa = PBXFileReference; lastKnownFileType = folder.assetcatalog; path = PreviewAssets.xcassets; sourceTree = "<group>"; };
		3DBAE40E2571656200B019DB /* InsurgencyTests.xctest */ = {isa = PBXFileReference; explicitFileType = wrapper.cfbundle; includeInIndex = 0; path = InsurgencyTests.xctest; sourceTree = BUILT_PRODUCTS_DIR; };
		3DBAE4122571656200B019DB /* Info.plist */ = {isa = PBXFileReference; lastKnownFileType = text.plist.xml; path = Info.plist; sourceTree = "<group>"; };
		3DBAE4272571678200B019DB /* Credentials.swift */ = {isa = PBXFileReference; lastKnownFileType = sourcecode.swift; path = Credentials.swift; sourceTree = "<group>"; };
		3DBAE42D257167AA00B019DB /* Authenticator.swift */ = {isa = PBXFileReference; lastKnownFileType = sourcecode.swift; path = Authenticator.swift; sourceTree = "<group>"; };
		3DBAE4332571689F00B019DB /* FirebaseAnalyticsAuthenticatorTracker.swift */ = {isa = PBXFileReference; lastKnownFileType = sourcecode.swift; path = FirebaseAnalyticsAuthenticatorTracker.swift; sourceTree = "<group>"; };
		3DBAE4402571691500B019DB /* AuthenticatorPresenter.swift */ = {isa = PBXFileReference; lastKnownFileType = sourcecode.swift; path = AuthenticatorPresenter.swift; sourceTree = "<group>"; };
		3DBAE4462571697D00B019DB /* AuthenticatorDelegateMultiplexer.swift */ = {isa = PBXFileReference; lastKnownFileType = sourcecode.swift; path = AuthenticatorDelegateMultiplexer.swift; sourceTree = "<group>"; };
/* End PBXFileReference section */

/* Begin PBXFrameworksBuildPhase section */
		3DBAE3E1257161E200B019DB /* Frameworks */ = {
			isa = PBXFrameworksBuildPhase;
			buildActionMask = 2147483647;
			files = (
			);
			runOnlyForDeploymentPostprocessing = 0;
		};
		3DBAE40B2571656200B019DB /* Frameworks */ = {
			isa = PBXFrameworksBuildPhase;
			buildActionMask = 2147483647;
			files = (
				3DBAE41C257165C600B019DB /* Quick in Frameworks */,
				3DBAE421257165EF00B019DB /* Nimble in Frameworks */,
			);
			runOnlyForDeploymentPostprocessing = 0;
		};
/* End PBXFrameworksBuildPhase section */

/* Begin PBXGroup section */
		3DBAE3DB257161E200B019DB = {
			isa = PBXGroup;
			children = (
				3DBAE3E6257161E200B019DB /* Insurgency */,
				3DBAE40F2571656200B019DB /* InsurgencyTests */,
				3DBAE3E5257161E200B019DB /* Products */,
			);
			sourceTree = "<group>";
		};
		3DBAE3E5257161E200B019DB /* Products */ = {
			isa = PBXGroup;
			children = (
				3DBAE3E4257161E200B019DB /* Insurgency.app */,
				3DBAE40E2571656200B019DB /* InsurgencyTests.xctest */,
			);
			name = Products;
			sourceTree = "<group>";
		};
		3DBAE3E6257161E200B019DB /* Insurgency */ = {
			isa = PBXGroup;
			children = (
				3DBAE3FC257161EF00B019DB /* Application */,
				3DBAE4002571628700B019DB /* Modules */,
				3DBAE3FD257161F600B019DB /* Resources */,
				3DBAE3EB257161E200B019DB /* ContentView.swift */,
				3DBAE3F5257161E500B019DB /* Info.plist */,
			);
			path = Insurgency;
			sourceTree = "<group>";
		};
		3DBAE3FC257161EF00B019DB /* Application */ = {
			isa = PBXGroup;
			children = (
				3DBAE3E7257161E200B019DB /* AppDelegate.swift */,
				3DBAE3E9257161E200B019DB /* SceneDelegate.swift */,
			);
			path = Application;
			sourceTree = "<group>";
		};
		3DBAE3FD257161F600B019DB /* Resources */ = {
			isa = PBXGroup;
			children = (
				3DBAE4062571631500B019DB /* Assets */,
				3DBAE4082571633F00B019DB /* Storyboards */,
			);
			path = Resources;
			sourceTree = "<group>";
		};
		3DBAE4002571628700B019DB /* Modules */ = {
			isa = PBXGroup;
			children = (
				3DBAE4322571683E00B019DB /* Analytics */,
				3DBAE4262571676A00B019DB /* Authentication */,
			);
			path = Modules;
			sourceTree = "<group>";
		};
		3DBAE4062571631500B019DB /* Assets */ = {
			isa = PBXGroup;
			children = (
				3DBAE3ED257161E500B019DB /* Assets.xcassets */,
				3DBAE4032571630D00B019DB /* PreviewAssets.xcassets */,
			);
			path = Assets;
			sourceTree = "<group>";
		};
		3DBAE4082571633F00B019DB /* Storyboards */ = {
			isa = PBXGroup;
			children = (
				3DBAE3F2257161E500B019DB /* LaunchScreen.storyboard */,
			);
			path = Storyboards;
			sourceTree = "<group>";
		};
		3DBAE40F2571656200B019DB /* InsurgencyTests */ = {
			isa = PBXGroup;
			children = (
				3DBAE4122571656200B019DB /* Info.plist */,
			);
			path = InsurgencyTests;
			sourceTree = "<group>";
		};
		3DBAE4262571676A00B019DB /* Authentication */ = {
			isa = PBXGroup;
			children = (
				3DBAE4312571680100B019DB /* Models */,
				3DBAE43F2571690400B019DB /* Presenters */,
				3DBAE42D257167AA00B019DB /* Authenticator.swift */,
				3DBAE4462571697D00B019DB /* AuthenticatorDelegateMultiplexer.swift */,
			);
			path = Authentication;
			sourceTree = "<group>";
		};
		3DBAE4312571680100B019DB /* Models */ = {
			isa = PBXGroup;
			children = (
				3DBAE4272571678200B019DB /* Credentials.swift */,
			);
			path = Models;
			sourceTree = "<group>";
		};
		3DBAE4322571683E00B019DB /* Analytics */ = {
			isa = PBXGroup;
			children = (
				3DBAE4332571689F00B019DB /* FirebaseAnalyticsAuthenticatorTracker.swift */,
			);
			path = Analytics;
			sourceTree = "<group>";
		};
		3DBAE43F2571690400B019DB /* Presenters */ = {
			isa = PBXGroup;
			children = (
				3DBAE4402571691500B019DB /* AuthenticatorPresenter.swift */,
			);
			path = Presenters;
			sourceTree = "<group>";
		};
/* End PBXGroup section */

/* Begin PBXNativeTarget section */
		3DBAE3E3257161E200B019DB /* Insurgency */ = {
			isa = PBXNativeTarget;
			buildConfigurationList = 3DBAE3F8257161E500B019DB /* Build configuration list for PBXNativeTarget "Insurgency" */;
			buildPhases = (
				3DBAE3E0257161E200B019DB /* Sources */,
				3DBAE3E1257161E200B019DB /* Frameworks */,
				3DBAE3E2257161E200B019DB /* Resources */,
			);
			buildRules = (
			);
			dependencies = (
			);
			name = Insurgency;
			productName = Insurgency;
			productReference = 3DBAE3E4257161E200B019DB /* Insurgency.app */;
			productType = "com.apple.product-type.application";
		};
		3DBAE40D2571656200B019DB /* InsurgencyTests */ = {
			isa = PBXNativeTarget;
			buildConfigurationList = 3DBAE4152571656200B019DB /* Build configuration list for PBXNativeTarget "InsurgencyTests" */;
			buildPhases = (
				3DBAE40A2571656200B019DB /* Sources */,
				3DBAE40B2571656200B019DB /* Frameworks */,
				3DBAE40C2571656200B019DB /* Resources */,
			);
			buildRules = (
			);
			dependencies = (
				3DBAE4142571656200B019DB /* PBXTargetDependency */,
			);
			name = InsurgencyTests;
			packageProductDependencies = (
				3DBAE41B257165C600B019DB /* Quick */,
				3DBAE420257165EF00B019DB /* Nimble */,
			);
			productName = InsurgencyTests;
			productReference = 3DBAE40E2571656200B019DB /* InsurgencyTests.xctest */;
			productType = "com.apple.product-type.bundle.unit-test";
		};
/* End PBXNativeTarget section */

/* Begin PBXProject section */
		3DBAE3DC257161E200B019DB /* Project object */ = {
			isa = PBXProject;
			attributes = {
				LastSwiftUpdateCheck = 1220;
				LastUpgradeCheck = 1220;
				TargetAttributes = {
					3DBAE3E3257161E200B019DB = {
						CreatedOnToolsVersion = 12.2;
					};
					3DBAE40D2571656200B019DB = {
						CreatedOnToolsVersion = 12.2;
						TestTargetID = 3DBAE3E3257161E200B019DB;
					};
				};
			};
			buildConfigurationList = 3DBAE3DF257161E200B019DB /* Build configuration list for PBXProject "Insurgency" */;
			compatibilityVersion = "Xcode 9.3";
			developmentRegion = en;
			hasScannedForEncodings = 0;
			knownRegions = (
				en,
				Base,
			);
			mainGroup = 3DBAE3DB257161E200B019DB;
			packageReferences = (
				3DBAE41A257165C600B019DB /* XCRemoteSwiftPackageReference "Quick" */,
				3DBAE41F257165EF00B019DB /* XCRemoteSwiftPackageReference "Nimble" */,
			);
			productRefGroup = 3DBAE3E5257161E200B019DB /* Products */;
			projectDirPath = "";
			projectRoot = "";
			targets = (
				3DBAE3E3257161E200B019DB /* Insurgency */,
				3DBAE40D2571656200B019DB /* InsurgencyTests */,
			);
		};
/* End PBXProject section */

/* Begin PBXResourcesBuildPhase section */
		3DBAE3E2257161E200B019DB /* Resources */ = {
			isa = PBXResourcesBuildPhase;
			buildActionMask = 2147483647;
			files = (
				3DBAE4042571630D00B019DB /* PreviewAssets.xcassets in Resources */,
				3DBAE3F4257161E500B019DB /* LaunchScreen.storyboard in Resources */,
				3DBAE3EE257161E500B019DB /* Assets.xcassets in Resources */,
			);
			runOnlyForDeploymentPostprocessing = 0;
		};
		3DBAE40C2571656200B019DB /* Resources */ = {
			isa = PBXResourcesBuildPhase;
			buildActionMask = 2147483647;
			files = (
			);
			runOnlyForDeploymentPostprocessing = 0;
		};
/* End PBXResourcesBuildPhase section */

/* Begin PBXSourcesBuildPhase section */
		3DBAE3E0257161E200B019DB /* Sources */ = {
			isa = PBXSourcesBuildPhase;
			buildActionMask = 2147483647;
			files = (
				3DBAE4472571697D00B019DB /* AuthenticatorDelegateMultiplexer.swift in Sources */,
				3DBAE42E257167AA00B019DB /* Authenticator.swift in Sources */,
				3DBAE3E8257161E200B019DB /* AppDelegate.swift in Sources */,
				3DBAE4412571691500B019DB /* AuthenticatorPresenter.swift in Sources */,
				3DBAE4342571689F00B019DB /* FirebaseAnalyticsAuthenticatorTracker.swift in Sources */,
				3DBAE3EA257161E200B019DB /* SceneDelegate.swift in Sources */,
				3DBAE4282571678200B019DB /* Credentials.swift in Sources */,
				3DBAE3EC257161E200B019DB /* ContentView.swift in Sources */,
			);
			runOnlyForDeploymentPostprocessing = 0;
		};
		3DBAE40A2571656200B019DB /* Sources */ = {
			isa = PBXSourcesBuildPhase;
			buildActionMask = 2147483647;
			files = (
			);
			runOnlyForDeploymentPostprocessing = 0;
		};
/* End PBXSourcesBuildPhase section */

/* Begin PBXTargetDependency section */
		3DBAE4142571656200B019DB /* PBXTargetDependency */ = {
			isa = PBXTargetDependency;
			target = 3DBAE3E3257161E200B019DB /* Insurgency */;
			targetProxy = 3DBAE4132571656200B019DB /* PBXContainerItemProxy */;
		};
/* End PBXTargetDependency section */

/* Begin PBXVariantGroup section */
		3DBAE3F2257161E500B019DB /* LaunchScreen.storyboard */ = {
			isa = PBXVariantGroup;
			children = (
				3DBAE3F3257161E500B019DB /* Base */,
			);
			name = LaunchScreen.storyboard;
			sourceTree = "<group>";
		};
/* End PBXVariantGroup section */

/* Begin XCBuildConfiguration section */
		3DBAE3F6257161E500B019DB /* Debug */ = {
			isa = XCBuildConfiguration;
			buildSettings = {
				ALWAYS_SEARCH_USER_PATHS = NO;
				CLANG_ANALYZER_NONNULL = YES;
				CLANG_ANALYZER_NUMBER_OBJECT_CONVERSION = YES_AGGRESSIVE;
				CLANG_CXX_LANGUAGE_STANDARD = "gnu++14";
				CLANG_CXX_LIBRARY = "libc++";
				CLANG_ENABLE_MODULES = YES;
				CLANG_ENABLE_OBJC_ARC = YES;
				CLANG_ENABLE_OBJC_WEAK = YES;
				CLANG_WARN_BLOCK_CAPTURE_AUTORELEASING = YES;
				CLANG_WARN_BOOL_CONVERSION = YES;
				CLANG_WARN_COMMA = YES;
				CLANG_WARN_CONSTANT_CONVERSION = YES;
				CLANG_WARN_DEPRECATED_OBJC_IMPLEMENTATIONS = YES;
				CLANG_WARN_DIRECT_OBJC_ISA_USAGE = YES_ERROR;
				CLANG_WARN_DOCUMENTATION_COMMENTS = YES;
				CLANG_WARN_EMPTY_BODY = YES;
				CLANG_WARN_ENUM_CONVERSION = YES;
				CLANG_WARN_INFINITE_RECURSION = YES;
				CLANG_WARN_INT_CONVERSION = YES;
				CLANG_WARN_NON_LITERAL_NULL_CONVERSION = YES;
				CLANG_WARN_OBJC_IMPLICIT_RETAIN_SELF = YES;
				CLANG_WARN_OBJC_LITERAL_CONVERSION = YES;
				CLANG_WARN_OBJC_ROOT_CLASS = YES_ERROR;
				CLANG_WARN_QUOTED_INCLUDE_IN_FRAMEWORK_HEADER = YES;
				CLANG_WARN_RANGE_LOOP_ANALYSIS = YES;
				CLANG_WARN_STRICT_PROTOTYPES = YES;
				CLANG_WARN_SUSPICIOUS_MOVE = YES;
				CLANG_WARN_UNGUARDED_AVAILABILITY = YES_AGGRESSIVE;
				CLANG_WARN_UNREACHABLE_CODE = YES;
				CLANG_WARN__DUPLICATE_METHOD_MATCH = YES;
				COPY_PHASE_STRIP = NO;
				DEBUG_INFORMATION_FORMAT = dwarf;
				ENABLE_STRICT_OBJC_MSGSEND = YES;
				ENABLE_TESTABILITY = YES;
				GCC_C_LANGUAGE_STANDARD = gnu11;
				GCC_DYNAMIC_NO_PIC = NO;
				GCC_NO_COMMON_BLOCKS = YES;
				GCC_OPTIMIZATION_LEVEL = 0;
				GCC_PREPROCESSOR_DEFINITIONS = (
					"DEBUG=1",
					"$(inherited)",
				);
				GCC_WARN_64_TO_32_BIT_CONVERSION = YES;
				GCC_WARN_ABOUT_RETURN_TYPE = YES_ERROR;
				GCC_WARN_UNDECLARED_SELECTOR = YES;
				GCC_WARN_UNINITIALIZED_AUTOS = YES_AGGRESSIVE;
				GCC_WARN_UNUSED_FUNCTION = YES;
				GCC_WARN_UNUSED_VARIABLE = YES;
				IPHONEOS_DEPLOYMENT_TARGET = 14.2;
				MTL_ENABLE_DEBUG_INFO = INCLUDE_SOURCE;
				MTL_FAST_MATH = YES;
				ONLY_ACTIVE_ARCH = YES;
				SDKROOT = iphoneos;
				SWIFT_ACTIVE_COMPILATION_CONDITIONS = DEBUG;
				SWIFT_OPTIMIZATION_LEVEL = "-Onone";
			};
			name = Debug;
		};
		3DBAE3F7257161E500B019DB /* Release */ = {
			isa = XCBuildConfiguration;
			buildSettings = {
				ALWAYS_SEARCH_USER_PATHS = NO;
				CLANG_ANALYZER_NONNULL = YES;
				CLANG_ANALYZER_NUMBER_OBJECT_CONVERSION = YES_AGGRESSIVE;
				CLANG_CXX_LANGUAGE_STANDARD = "gnu++14";
				CLANG_CXX_LIBRARY = "libc++";
				CLANG_ENABLE_MODULES = YES;
				CLANG_ENABLE_OBJC_ARC = YES;
				CLANG_ENABLE_OBJC_WEAK = YES;
				CLANG_WARN_BLOCK_CAPTURE_AUTORELEASING = YES;
				CLANG_WARN_BOOL_CONVERSION = YES;
				CLANG_WARN_COMMA = YES;
				CLANG_WARN_CONSTANT_CONVERSION = YES;
				CLANG_WARN_DEPRECATED_OBJC_IMPLEMENTATIONS = YES;
				CLANG_WARN_DIRECT_OBJC_ISA_USAGE = YES_ERROR;
				CLANG_WARN_DOCUMENTATION_COMMENTS = YES;
				CLANG_WARN_EMPTY_BODY = YES;
				CLANG_WARN_ENUM_CONVERSION = YES;
				CLANG_WARN_INFINITE_RECURSION = YES;
				CLANG_WARN_INT_CONVERSION = YES;
				CLANG_WARN_NON_LITERAL_NULL_CONVERSION = YES;
				CLANG_WARN_OBJC_IMPLICIT_RETAIN_SELF = YES;
				CLANG_WARN_OBJC_LITERAL_CONVERSION = YES;
				CLANG_WARN_OBJC_ROOT_CLASS = YES_ERROR;
				CLANG_WARN_QUOTED_INCLUDE_IN_FRAMEWORK_HEADER = YES;
				CLANG_WARN_RANGE_LOOP_ANALYSIS = YES;
				CLANG_WARN_STRICT_PROTOTYPES = YES;
				CLANG_WARN_SUSPICIOUS_MOVE = YES;
				CLANG_WARN_UNGUARDED_AVAILABILITY = YES_AGGRESSIVE;
				CLANG_WARN_UNREACHABLE_CODE = YES;
				CLANG_WARN__DUPLICATE_METHOD_MATCH = YES;
				COPY_PHASE_STRIP = NO;
				DEBUG_INFORMATION_FORMAT = "dwarf-with-dsym";
				ENABLE_NS_ASSERTIONS = NO;
				ENABLE_STRICT_OBJC_MSGSEND = YES;
				GCC_C_LANGUAGE_STANDARD = gnu11;
				GCC_NO_COMMON_BLOCKS = YES;
				GCC_WARN_64_TO_32_BIT_CONVERSION = YES;
				GCC_WARN_ABOUT_RETURN_TYPE = YES_ERROR;
				GCC_WARN_UNDECLARED_SELECTOR = YES;
				GCC_WARN_UNINITIALIZED_AUTOS = YES_AGGRESSIVE;
				GCC_WARN_UNUSED_FUNCTION = YES;
				GCC_WARN_UNUSED_VARIABLE = YES;
				IPHONEOS_DEPLOYMENT_TARGET = 14.2;
				MTL_ENABLE_DEBUG_INFO = NO;
				MTL_FAST_MATH = YES;
				SDKROOT = iphoneos;
				SWIFT_COMPILATION_MODE = wholemodule;
				SWIFT_OPTIMIZATION_LEVEL = "-O";
				VALIDATE_PRODUCT = YES;
			};
			name = Release;
		};
		3DBAE3F9257161E500B019DB /* Debug */ = {
			isa = XCBuildConfiguration;
			buildSettings = {
				ASSETCATALOG_COMPILER_APPICON_NAME = AppIcon;
				ASSETCATALOG_COMPILER_GLOBAL_ACCENT_COLOR_NAME = AccentColor;
				CODE_SIGN_STYLE = Automatic;
				DEVELOPMENT_ASSET_PATHS = "";
				DEVELOPMENT_TEAM = JPE45M57J4;
				ENABLE_PREVIEWS = YES;
				INFOPLIST_FILE = Insurgency/Info.plist;
				LD_RUNPATH_SEARCH_PATHS = (
					"$(inherited)",
					"@executable_path/Frameworks",
				);
				PRODUCT_BUNDLE_IDENTIFIER = me.nspavlo.Insurgency;
				PRODUCT_NAME = "$(TARGET_NAME)";
				SWIFT_VERSION = 5.0;
				TARGETED_DEVICE_FAMILY = "1,2";
			};
			name = Debug;
		};
		3DBAE3FA257161E500B019DB /* Release */ = {
			isa = XCBuildConfiguration;
			buildSettings = {
				ASSETCATALOG_COMPILER_APPICON_NAME = AppIcon;
				ASSETCATALOG_COMPILER_GLOBAL_ACCENT_COLOR_NAME = AccentColor;
				CODE_SIGN_STYLE = Automatic;
				DEVELOPMENT_ASSET_PATHS = "";
				DEVELOPMENT_TEAM = JPE45M57J4;
				ENABLE_PREVIEWS = YES;
				INFOPLIST_FILE = Insurgency/Info.plist;
				LD_RUNPATH_SEARCH_PATHS = (
					"$(inherited)",
					"@executable_path/Frameworks",
				);
				PRODUCT_BUNDLE_IDENTIFIER = me.nspavlo.Insurgency;
				PRODUCT_NAME = "$(TARGET_NAME)";
				SWIFT_VERSION = 5.0;
				TARGETED_DEVICE_FAMILY = "1,2";
			};
			name = Release;
		};
		3DBAE4162571656200B019DB /* Debug */ = {
			isa = XCBuildConfiguration;
			buildSettings = {
				BUNDLE_LOADER = "$(TEST_HOST)";
				CODE_SIGN_STYLE = Automatic;
				DEVELOPMENT_TEAM = JPE45M57J4;
				INFOPLIST_FILE = InsurgencyTests/Info.plist;
				LD_RUNPATH_SEARCH_PATHS = (
					"$(inherited)",
					"@executable_path/Frameworks",
					"@loader_path/Frameworks",
				);
				PRODUCT_BUNDLE_IDENTIFIER = me.nspavlo.InsurgencyTests;
				PRODUCT_NAME = "$(TARGET_NAME)";
				SWIFT_VERSION = 5.0;
				TARGETED_DEVICE_FAMILY = "1,2";
				TEST_HOST = "$(BUILT_PRODUCTS_DIR)/Insurgency.app/Insurgency";
			};
			name = Debug;
		};
		3DBAE4172571656200B019DB /* Release */ = {
			isa = XCBuildConfiguration;
			buildSettings = {
				BUNDLE_LOADER = "$(TEST_HOST)";
				CODE_SIGN_STYLE = Automatic;
				DEVELOPMENT_TEAM = JPE45M57J4;
				INFOPLIST_FILE = InsurgencyTests/Info.plist;
				LD_RUNPATH_SEARCH_PATHS = (
					"$(inherited)",
					"@executable_path/Frameworks",
					"@loader_path/Frameworks",
				);
				PRODUCT_BUNDLE_IDENTIFIER = me.nspavlo.InsurgencyTests;
				PRODUCT_NAME = "$(TARGET_NAME)";
				SWIFT_VERSION = 5.0;
				TARGETED_DEVICE_FAMILY = "1,2";
				TEST_HOST = "$(BUILT_PRODUCTS_DIR)/Insurgency.app/Insurgency";
			};
			name = Release;
		};
/* End XCBuildConfiguration section */

/* Begin XCConfigurationList section */
		3DBAE3DF257161E200B019DB /* Build configuration list for PBXProject "Insurgency" */ = {
			isa = XCConfigurationList;
			buildConfigurations = (
				3DBAE3F6257161E500B019DB /* Debug */,
				3DBAE3F7257161E500B019DB /* Release */,
			);
			defaultConfigurationIsVisible = 0;
			defaultConfigurationName = Release;
		};
		3DBAE3F8257161E500B019DB /* Build configuration list for PBXNativeTarget "Insurgency" */ = {
			isa = XCConfigurationList;
			buildConfigurations = (
				3DBAE3F9257161E500B019DB /* Debug */,
				3DBAE3FA257161E500B019DB /* Release */,
			);
			defaultConfigurationIsVisible = 0;
			defaultConfigurationName = Release;
		};
		3DBAE4152571656200B019DB /* Build configuration list for PBXNativeTarget "InsurgencyTests" */ = {
			isa = XCConfigurationList;
			buildConfigurations = (
				3DBAE4162571656200B019DB /* Debug */,
				3DBAE4172571656200B019DB /* Release */,
			);
			defaultConfigurationIsVisible = 0;
			defaultConfigurationName = Release;
		};
/* End XCConfigurationList section */

/* Begin XCRemoteSwiftPackageReference section */
		3DBAE41A257165C600B019DB /* XCRemoteSwiftPackageReference "Quick" */ = {
			isa = XCRemoteSwiftPackageReference;
			repositoryURL = "https://github.com/Quick/Quick";
			requirement = {
				kind = upToNextMajorVersion;
				minimumVersion = 3.0.0;
			};
		};
		3DBAE41F257165EF00B019DB /* XCRemoteSwiftPackageReference "Nimble" */ = {
			isa = XCRemoteSwiftPackageReference;
			repositoryURL = "https://github.com/Quick/Nimble";
			requirement = {
				kind = upToNextMajorVersion;
				minimumVersion = 9.0.0;
			};
		};
/* End XCRemoteSwiftPackageReference section */

/* Begin XCSwiftPackageProductDependency section */
		3DBAE41B257165C600B019DB /* Quick */ = {
			isa = XCSwiftPackageProductDependency;
			package = 3DBAE41A257165C600B019DB /* XCRemoteSwiftPackageReference "Quick" */;
			productName = Quick;
		};
		3DBAE420257165EF00B019DB /* Nimble */ = {
			isa = XCSwiftPackageProductDependency;
			package = 3DBAE41F257165EF00B019DB /* XCRemoteSwiftPackageReference "Nimble" */;
			productName = Nimble;
		};
/* End XCSwiftPackageProductDependency section */
	};
	rootObject = 3DBAE3DC257161E200B019DB /* Project object */;
}
