// !$*UTF8*$!
{
	archiveVersion = 1;
	classes = {
	};
	objectVersion = 52;
	objects = {

/* Begin PBXBuildFile section */
		3D8C498B25779F6400BA3748 /* Podcast.swift in Sources */ = {isa = PBXBuildFile; fileRef = 3D8C498A25779F6400BA3748 /* Podcast.swift */; };
		3D8C499125779F9A00BA3748 /* Episode.swift in Sources */ = {isa = PBXBuildFile; fileRef = 3D8C499025779F9A00BA3748 /* Episode.swift */; };
		3D8C49982577A03000BA3748 /* PodcastRepository.swift in Sources */ = {isa = PBXBuildFile; fileRef = 3D8C49972577A03000BA3748 /* PodcastRepository.swift */; };
		3D8C499C2577A1D500BA3748 /* URLRepositoryResponse.swift in Sources */ = {isa = PBXBuildFile; fileRef = 3D8C499B2577A1D500BA3748 /* URLRepositoryResponse.swift */; };
		3D8C49A02577A1EF00BA3748 /* URLRepositoryProtocol.swift in Sources */ = {isa = PBXBuildFile; fileRef = 3D8C499F2577A1EF00BA3748 /* URLRepositoryProtocol.swift */; };
		3D8C49A42577A23E00BA3748 /* URLHost.swift in Sources */ = {isa = PBXBuildFile; fileRef = 3D8C49A32577A23E00BA3748 /* URLHost.swift */; };
		3D8C4A1E2578183900BA3748 /* PodcastListView.swift in Sources */ = {isa = PBXBuildFile; fileRef = 3D8C4A1D2578183900BA3748 /* PodcastListView.swift */; };
		3D8C4A2D2578209E00BA3748 /* PodcastListViewModel.swift in Sources */ = {isa = PBXBuildFile; fileRef = 3D8C4A2C2578209E00BA3748 /* PodcastListViewModel.swift */; };
		3D8C4A31257820C000BA3748 /* PodcastListItemViewModel.swift in Sources */ = {isa = PBXBuildFile; fileRef = 3D8C4A30257820C000BA3748 /* PodcastListItemViewModel.swift */; };
		3D8C4A3A257831FB00BA3748 /* PodcastListItemView.swift in Sources */ = {isa = PBXBuildFile; fileRef = 3D8C4A2125781F0400BA3748 /* PodcastListItemView.swift */; };
		3D8C4A3F257836B900BA3748 /* NavigationSearch.swift in Sources */ = {isa = PBXBuildFile; fileRef = 3D8C4A3E257836B900BA3748 /* NavigationSearch.swift */; };
		3D8C4A4F25784B7500BA3748 /* ActivityIndicator.swift in Sources */ = {isa = PBXBuildFile; fileRef = 3D8C4A4E25784B7500BA3748 /* ActivityIndicator.swift */; };
		3DBAE3E8257161E200B019DB /* AppDelegate.swift in Sources */ = {isa = PBXBuildFile; fileRef = 3DBAE3E7257161E200B019DB /* AppDelegate.swift */; };
		3DBAE3EA257161E200B019DB /* SceneDelegate.swift in Sources */ = {isa = PBXBuildFile; fileRef = 3DBAE3E9257161E200B019DB /* SceneDelegate.swift */; };
		3DBAE3EC257161E200B019DB /* ContentView.swift in Sources */ = {isa = PBXBuildFile; fileRef = 3DBAE3EB257161E200B019DB /* ContentView.swift */; };
		3DBAE3EE257161E500B019DB /* Assets.xcassets in Resources */ = {isa = PBXBuildFile; fileRef = 3DBAE3ED257161E500B019DB /* Assets.xcassets */; };
		3DBAE3F4257161E500B019DB /* LaunchScreen.storyboard in Resources */ = {isa = PBXBuildFile; fileRef = 3DBAE3F2257161E500B019DB /* LaunchScreen.storyboard */; };
		3DBAE4042571630D00B019DB /* PreviewAssets.xcassets in Resources */ = {isa = PBXBuildFile; fileRef = 3DBAE4032571630D00B019DB /* PreviewAssets.xcassets */; };
		3DBAE41C257165C600B019DB /* Quick in Frameworks */ = {isa = PBXBuildFile; productRef = 3DBAE41B257165C600B019DB /* Quick */; };
		3DBAE421257165EF00B019DB /* Nimble in Frameworks */ = {isa = PBXBuildFile; productRef = 3DBAE420257165EF00B019DB /* Nimble */; };
		3DBAE4282571678200B019DB /* Credentials.swift in Sources */ = {isa = PBXBuildFile; fileRef = 3DBAE4272571678200B019DB /* Credentials.swift */; };
		3DBAE42E257167AA00B019DB /* Authenticator.swift in Sources */ = {isa = PBXBuildFile; fileRef = 3DBAE42D257167AA00B019DB /* Authenticator.swift */; };
		3DBAE4342571689F00B019DB /* FirebaseAnalyticsAuthenticatorTracker.swift in Sources */ = {isa = PBXBuildFile; fileRef = 3DBAE4332571689F00B019DB /* FirebaseAnalyticsAuthenticatorTracker.swift */; };
		3DBAE4412571691500B019DB /* AuthenticatorPresenter.swift in Sources */ = {isa = PBXBuildFile; fileRef = 3DBAE4402571691500B019DB /* AuthenticatorPresenter.swift */; };
		3DBAE4472571697D00B019DB /* AuthenticatorDelegateMultiplexer.swift in Sources */ = {isa = PBXBuildFile; fileRef = 3DBAE4462571697D00B019DB /* AuthenticatorDelegateMultiplexer.swift */; };
		3DBAE45025716C8000B019DB /* AuthenticatorDelegateMultiplexerSpec.swift in Sources */ = {isa = PBXBuildFile; fileRef = 3DBAE44F25716C8000B019DB /* AuthenticatorDelegateMultiplexerSpec.swift */; };
		3DBAE45C25717C9B00B019DB /* AuthenticatorFactorySpec.swift in Sources */ = {isa = PBXBuildFile; fileRef = 3DBAE45B25717C9B00B019DB /* AuthenticatorFactorySpec.swift */; };
		3DBAE46225717CEB00B019DB /* AuthenticatorFactory.swift in Sources */ = {isa = PBXBuildFile; fileRef = 3DBAE46125717CEB00B019DB /* AuthenticatorFactory.swift */; };
		3DBAE4672571868500B019DB /* SpecLeaks in Frameworks */ = {isa = PBXBuildFile; productRef = 3DBAE4662571868500B019DB /* SpecLeaks */; };
		3DBAE46B25718F3B00B019DB /* AuthenticatorLogger.swift in Sources */ = {isa = PBXBuildFile; fileRef = 3DBAE46A25718F3B00B019DB /* AuthenticatorLogger.swift */; };
		3DBAE471257197B800B019DB /* SceneDelegateLogger.swift in Sources */ = {isa = PBXBuildFile; fileRef = 3DBAE470257197B800B019DB /* SceneDelegateLogger.swift */; };
		3DBAE475257197FE00B019DB /* SceneDelegateMultiplexer.swift in Sources */ = {isa = PBXBuildFile; fileRef = 3DBAE474257197FE00B019DB /* SceneDelegateMultiplexer.swift */; };
		3DBAE47B257198A200B019DB /* SceneDelegateWindowScene.swift in Sources */ = {isa = PBXBuildFile; fileRef = 3DBAE47A257198A200B019DB /* SceneDelegateWindowScene.swift */; };
		3DBAE48225719C8000B019DB /* SceneDelegateSpec.swift in Sources */ = {isa = PBXBuildFile; fileRef = 3DBAE48125719C8000B019DB /* SceneDelegateSpec.swift */; };
		3DBAE48925719FF200B019DB /* Command.swift in Sources */ = {isa = PBXBuildFile; fileRef = 3DBAE48825719FF200B019DB /* Command.swift */; };
		3DBAE48F2571A05C00B019DB /* AppDelegateCommandBuilder.swift in Sources */ = {isa = PBXBuildFile; fileRef = 3DBAE48E2571A05C00B019DB /* AppDelegateCommandBuilder.swift */; };
		3DBAE4932571A3CA00B019DB /* RegisterUserDefaultsCommand.swift in Sources */ = {isa = PBXBuildFile; fileRef = 3DBAE4922571A3CA00B019DB /* RegisterUserDefaultsCommand.swift */; };
/* End PBXBuildFile section */

/* Begin PBXContainerItemProxy section */
		3DBAE4132571656200B019DB /* PBXContainerItemProxy */ = {
			isa = PBXContainerItemProxy;
			containerPortal = 3DBAE3DC257161E200B019DB /* Project object */;
			proxyType = 1;
			remoteGlobalIDString = 3DBAE3E3257161E200B019DB;
			remoteInfo = Insurgency;
		};
/* End PBXContainerItemProxy section */

/* Begin PBXFileReference section */
		3D8C498A25779F6400BA3748 /* Podcast.swift */ = {isa = PBXFileReference; lastKnownFileType = sourcecode.swift; path = Podcast.swift; sourceTree = "<group>"; };
		3D8C499025779F9A00BA3748 /* Episode.swift */ = {isa = PBXFileReference; lastKnownFileType = sourcecode.swift; path = Episode.swift; sourceTree = "<group>"; };
		3D8C49972577A03000BA3748 /* PodcastRepository.swift */ = {isa = PBXFileReference; lastKnownFileType = sourcecode.swift; path = PodcastRepository.swift; sourceTree = "<group>"; };
		3D8C499B2577A1D500BA3748 /* URLRepositoryResponse.swift */ = {isa = PBXFileReference; lastKnownFileType = sourcecode.swift; path = URLRepositoryResponse.swift; sourceTree = "<group>"; };
		3D8C499F2577A1EF00BA3748 /* URLRepositoryProtocol.swift */ = {isa = PBXFileReference; lastKnownFileType = sourcecode.swift; path = URLRepositoryProtocol.swift; sourceTree = "<group>"; };
		3D8C49A32577A23E00BA3748 /* URLHost.swift */ = {isa = PBXFileReference; lastKnownFileType = sourcecode.swift; path = URLHost.swift; sourceTree = "<group>"; };
		3D8C4A1D2578183900BA3748 /* PodcastListView.swift */ = {isa = PBXFileReference; lastKnownFileType = sourcecode.swift; path = PodcastListView.swift; sourceTree = "<group>"; };
		3D8C4A2125781F0400BA3748 /* PodcastListItemView.swift */ = {isa = PBXFileReference; lastKnownFileType = sourcecode.swift; path = PodcastListItemView.swift; sourceTree = "<group>"; };
		3D8C4A2C2578209E00BA3748 /* PodcastListViewModel.swift */ = {isa = PBXFileReference; lastKnownFileType = sourcecode.swift; path = PodcastListViewModel.swift; sourceTree = "<group>"; };
		3D8C4A30257820C000BA3748 /* PodcastListItemViewModel.swift */ = {isa = PBXFileReference; lastKnownFileType = sourcecode.swift; path = PodcastListItemViewModel.swift; sourceTree = "<group>"; };
		3D8C4A3E257836B900BA3748 /* NavigationSearch.swift */ = {isa = PBXFileReference; lastKnownFileType = sourcecode.swift; path = NavigationSearch.swift; sourceTree = "<group>"; };
		3D8C4A4E25784B7500BA3748 /* ActivityIndicator.swift */ = {isa = PBXFileReference; lastKnownFileType = sourcecode.swift; path = ActivityIndicator.swift; sourceTree = "<group>"; };
		3DBAE3E4257161E200B019DB /* Insurgency.app */ = {isa = PBXFileReference; explicitFileType = wrapper.application; includeInIndex = 0; path = Insurgency.app; sourceTree = BUILT_PRODUCTS_DIR; };
		3DBAE3E7257161E200B019DB /* AppDelegate.swift */ = {isa = PBXFileReference; lastKnownFileType = sourcecode.swift; path = AppDelegate.swift; sourceTree = "<group>"; };
		3DBAE3E9257161E200B019DB /* SceneDelegate.swift */ = {isa = PBXFileReference; lastKnownFileType = sourcecode.swift; path = SceneDelegate.swift; sourceTree = "<group>"; };
		3DBAE3EB257161E200B019DB /* ContentView.swift */ = {isa = PBXFileReference; lastKnownFileType = sourcecode.swift; path = ContentView.swift; sourceTree = "<group>"; };
		3DBAE3ED257161E500B019DB /* Assets.xcassets */ = {isa = PBXFileReference; lastKnownFileType = folder.assetcatalog; path = Assets.xcassets; sourceTree = "<group>"; };
		3DBAE3F3257161E500B019DB /* Base */ = {isa = PBXFileReference; lastKnownFileType = file.storyboard; name = Base; path = Base.lproj/LaunchScreen.storyboard; sourceTree = "<group>"; };
		3DBAE3F5257161E500B019DB /* Info.plist */ = {isa = PBXFileReference; lastKnownFileType = text.plist.xml; path = Info.plist; sourceTree = "<group>"; };
		3DBAE4032571630D00B019DB /* PreviewAssets.xcassets */ = {isa = PBXFileReference; lastKnownFileType = folder.assetcatalog; path = PreviewAssets.xcassets; sourceTree = "<group>"; };
		3DBAE40E2571656200B019DB /* InsurgencyTests.xctest */ = {isa = PBXFileReference; explicitFileType = wrapper.cfbundle; includeInIndex = 0; path = InsurgencyTests.xctest; sourceTree = BUILT_PRODUCTS_DIR; };
		3DBAE4122571656200B019DB /* Info.plist */ = {isa = PBXFileReference; lastKnownFileType = text.plist.xml; path = Info.plist; sourceTree = "<group>"; };
		3DBAE4272571678200B019DB /* Credentials.swift */ = {isa = PBXFileReference; lastKnownFileType = sourcecode.swift; path = Credentials.swift; sourceTree = "<group>"; };
		3DBAE42D257167AA00B019DB /* Authenticator.swift */ = {isa = PBXFileReference; lastKnownFileType = sourcecode.swift; path = Authenticator.swift; sourceTree = "<group>"; };
		3DBAE4332571689F00B019DB /* FirebaseAnalyticsAuthenticatorTracker.swift */ = {isa = PBXFileReference; lastKnownFileType = sourcecode.swift; path = FirebaseAnalyticsAuthenticatorTracker.swift; sourceTree = "<group>"; };
		3DBAE4402571691500B019DB /* AuthenticatorPresenter.swift */ = {isa = PBXFileReference; lastKnownFileType = sourcecode.swift; path = AuthenticatorPresenter.swift; sourceTree = "<group>"; };
		3DBAE4462571697D00B019DB /* AuthenticatorDelegateMultiplexer.swift */ = {isa = PBXFileReference; lastKnownFileType = sourcecode.swift; path = AuthenticatorDelegateMultiplexer.swift; sourceTree = "<group>"; };
		3DBAE44F25716C8000B019DB /* AuthenticatorDelegateMultiplexerSpec.swift */ = {isa = PBXFileReference; lastKnownFileType = sourcecode.swift; path = AuthenticatorDelegateMultiplexerSpec.swift; sourceTree = "<group>"; };
		3DBAE45B25717C9B00B019DB /* AuthenticatorFactorySpec.swift */ = {isa = PBXFileReference; lastKnownFileType = sourcecode.swift; path = AuthenticatorFactorySpec.swift; sourceTree = "<group>"; };
		3DBAE46125717CEB00B019DB /* AuthenticatorFactory.swift */ = {isa = PBXFileReference; lastKnownFileType = sourcecode.swift; path = AuthenticatorFactory.swift; sourceTree = "<group>"; };
		3DBAE46A25718F3B00B019DB /* AuthenticatorLogger.swift */ = {isa = PBXFileReference; lastKnownFileType = sourcecode.swift; path = AuthenticatorLogger.swift; sourceTree = "<group>"; };
		3DBAE470257197B800B019DB /* SceneDelegateLogger.swift */ = {isa = PBXFileReference; lastKnownFileType = sourcecode.swift; path = SceneDelegateLogger.swift; sourceTree = "<group>"; };
		3DBAE474257197FE00B019DB /* SceneDelegateMultiplexer.swift */ = {isa = PBXFileReference; lastKnownFileType = sourcecode.swift; path = SceneDelegateMultiplexer.swift; sourceTree = "<group>"; };
		3DBAE47A257198A200B019DB /* SceneDelegateWindowScene.swift */ = {isa = PBXFileReference; lastKnownFileType = sourcecode.swift; path = SceneDelegateWindowScene.swift; sourceTree = "<group>"; };
		3DBAE48125719C8000B019DB /* SceneDelegateSpec.swift */ = {isa = PBXFileReference; lastKnownFileType = sourcecode.swift; path = SceneDelegateSpec.swift; sourceTree = "<group>"; };
		3DBAE48825719FF200B019DB /* Command.swift */ = {isa = PBXFileReference; lastKnownFileType = sourcecode.swift; path = Command.swift; sourceTree = "<group>"; };
		3DBAE48E2571A05C00B019DB /* AppDelegateCommandBuilder.swift */ = {isa = PBXFileReference; lastKnownFileType = sourcecode.swift; path = AppDelegateCommandBuilder.swift; sourceTree = "<group>"; };
		3DBAE4922571A3CA00B019DB /* RegisterUserDefaultsCommand.swift */ = {isa = PBXFileReference; lastKnownFileType = sourcecode.swift; path = RegisterUserDefaultsCommand.swift; sourceTree = "<group>"; };
/* End PBXFileReference section */

/* Begin PBXFrameworksBuildPhase section */
		3DBAE3E1257161E200B019DB /* Frameworks */ = {
			isa = PBXFrameworksBuildPhase;
			buildActionMask = 2147483647;
			files = (
			);
			runOnlyForDeploymentPostprocessing = 0;
		};
		3DBAE40B2571656200B019DB /* Frameworks */ = {
			isa = PBXFrameworksBuildPhase;
			buildActionMask = 2147483647;
			files = (
				3DBAE41C257165C600B019DB /* Quick in Frameworks */,
				3DBAE421257165EF00B019DB /* Nimble in Frameworks */,
				3DBAE4672571868500B019DB /* SpecLeaks in Frameworks */,
			);
			runOnlyForDeploymentPostprocessing = 0;
		};
/* End PBXFrameworksBuildPhase section */

/* Begin PBXGroup section */
		3D8C47FC25754DC700BA3748 /* Infrastructure */ = {
			isa = PBXGroup;
			children = (
				3D8C4A462578417F00BA3748 /* Constants */,
				3D8C47FD25754DDD00BA3748 /* Networking */,
			);
			path = Infrastructure;
			sourceTree = "<group>";
		};
		3D8C47FD25754DDD00BA3748 /* Networking */ = {
			isa = PBXGroup;
			children = (
				3D8C49A32577A23E00BA3748 /* URLHost.swift */,
				3D8C499F2577A1EF00BA3748 /* URLRepositoryProtocol.swift */,
				3D8C499B2577A1D500BA3748 /* URLRepositoryResponse.swift */,
			);
			path = Networking;
			sourceTree = "<group>";
		};
		3D8C49772576B26300BA3748 /* Podcasts */ = {
			isa = PBXGroup;
			children = (
				3D8C498925779F5400BA3748 /* Models */,
				3D8C499425779FF200BA3748 /* Repositories */,
				3D8C4A292578205E00BA3748 /* ViewModels */,
				3D8C4A1A257817E000BA3748 /* Views */,
			);
			path = Podcasts;
			sourceTree = "<group>";
		};
		3D8C498925779F5400BA3748 /* Models */ = {
			isa = PBXGroup;
			children = (
				3D8C499025779F9A00BA3748 /* Episode.swift */,
				3D8C498A25779F6400BA3748 /* Podcast.swift */,
			);
			path = Models;
			sourceTree = "<group>";
		};
		3D8C499425779FF200BA3748 /* Repositories */ = {
			isa = PBXGroup;
			children = (
				3D8C49972577A03000BA3748 /* PodcastRepository.swift */,
			);
			path = Repositories;
			sourceTree = "<group>";
		};
		3D8C4A1A257817E000BA3748 /* Views */ = {
			isa = PBXGroup;
			children = (
				3D8C4A1D2578183900BA3748 /* PodcastListView.swift */,
				3D8C4A2125781F0400BA3748 /* PodcastListItemView.swift */,
			);
			path = Views;
			sourceTree = "<group>";
		};
		3D8C4A292578205E00BA3748 /* ViewModels */ = {
			isa = PBXGroup;
			children = (
				3D8C4A2C2578209E00BA3748 /* PodcastListViewModel.swift */,
				3D8C4A30257820C000BA3748 /* PodcastListItemViewModel.swift */,
			);
			path = ViewModels;
			sourceTree = "<group>";
		};
		3D8C4A3D257836B000BA3748 /* UI */ = {
			isa = PBXGroup;
			children = (
				3D8C4A4E25784B7500BA3748 /* ActivityIndicator.swift */,
				3D8C4A3E257836B900BA3748 /* NavigationSearch.swift */,
			);
			path = UI;
			sourceTree = "<group>";
		};
		3D8C4A462578417F00BA3748 /* Constants */ = {
			isa = PBXGroup;
			children = (
			);
			path = Constants;
			sourceTree = "<group>";
		};
		3DBAE3DB257161E200B019DB = {
			isa = PBXGroup;
			children = (
				3DBAE3E6257161E200B019DB /* Insurgency */,
				3DBAE40F2571656200B019DB /* InsurgencyTests */,
				3DBAE3E5257161E200B019DB /* Products */,
			);
			sourceTree = "<group>";
		};
		3DBAE3E5257161E200B019DB /* Products */ = {
			isa = PBXGroup;
			children = (
				3DBAE3E4257161E200B019DB /* Insurgency.app */,
				3DBAE40E2571656200B019DB /* InsurgencyTests.xctest */,
			);
			name = Products;
			sourceTree = "<group>";
		};
		3DBAE3E6257161E200B019DB /* Insurgency */ = {
			isa = PBXGroup;
			children = (
				3DBAE3FC257161EF00B019DB /* Application */,
				3DBAE48725719FDF00B019DB /* Components */,
				3D8C47FC25754DC700BA3748 /* Infrastructure */,
				3DBAE4002571628700B019DB /* Modules */,
				3DBAE3FD257161F600B019DB /* Resources */,
				3DBAE3EB257161E200B019DB /* ContentView.swift */,
				3DBAE3F5257161E500B019DB /* Info.plist */,
			);
			path = Insurgency;
			sourceTree = "<group>";
		};
		3DBAE3FC257161EF00B019DB /* Application */ = {
			isa = PBXGroup;
			children = (
				3DBAE3E7257161E200B019DB /* AppDelegate.swift */,
				3DBAE3E9257161E200B019DB /* SceneDelegate.swift */,
				3DBAE474257197FE00B019DB /* SceneDelegateMultiplexer.swift */,
				3DBAE47A257198A200B019DB /* SceneDelegateWindowScene.swift */,
			);
			path = Application;
			sourceTree = "<group>";
		};
		3DBAE3FD257161F600B019DB /* Resources */ = {
			isa = PBXGroup;
			children = (
				3DBAE4062571631500B019DB /* Assets */,
				3DBAE4082571633F00B019DB /* Storyboards */,
			);
			path = Resources;
			sourceTree = "<group>";
		};
		3DBAE4002571628700B019DB /* Modules */ = {
			isa = PBXGroup;
			children = (
				3DBAE4322571683E00B019DB /* Analytics */,
				3DBAE4262571676A00B019DB /* Authentication */,
				3D8C49772576B26300BA3748 /* Podcasts */,
			);
			path = Modules;
			sourceTree = "<group>";
		};
		3DBAE4062571631500B019DB /* Assets */ = {
			isa = PBXGroup;
			children = (
				3DBAE3ED257161E500B019DB /* Assets.xcassets */,
				3DBAE4032571630D00B019DB /* PreviewAssets.xcassets */,
			);
			path = Assets;
			sourceTree = "<group>";
		};
		3DBAE4082571633F00B019DB /* Storyboards */ = {
			isa = PBXGroup;
			children = (
				3DBAE3F2257161E500B019DB /* LaunchScreen.storyboard */,
			);
			path = Storyboards;
			sourceTree = "<group>";
		};
		3DBAE40F2571656200B019DB /* InsurgencyTests */ = {
			isa = PBXGroup;
			children = (
				3DBAE44E25716C4400B019DB /* Authentication */,
				3DBAE48025719C6D00B019DB /* Scene */,
				3DBAE4122571656200B019DB /* Info.plist */,
			);
			path = InsurgencyTests;
			sourceTree = "<group>";
		};
		3DBAE4262571676A00B019DB /* Authentication */ = {
			isa = PBXGroup;
			children = (
				3DBAE4312571680100B019DB /* Models */,
				3DBAE43F2571690400B019DB /* Presenters */,
				3DBAE42D257167AA00B019DB /* Authenticator.swift */,
				3DBAE4462571697D00B019DB /* AuthenticatorDelegateMultiplexer.swift */,
				3DBAE46125717CEB00B019DB /* AuthenticatorFactory.swift */,
			);
			path = Authentication;
			sourceTree = "<group>";
		};
		3DBAE4312571680100B019DB /* Models */ = {
			isa = PBXGroup;
			children = (
				3DBAE4272571678200B019DB /* Credentials.swift */,
			);
			path = Models;
			sourceTree = "<group>";
		};
		3DBAE4322571683E00B019DB /* Analytics */ = {
			isa = PBXGroup;
			children = (
				3DBAE46A25718F3B00B019DB /* AuthenticatorLogger.swift */,
				3DBAE4332571689F00B019DB /* FirebaseAnalyticsAuthenticatorTracker.swift */,
				3DBAE470257197B800B019DB /* SceneDelegateLogger.swift */,
			);
			path = Analytics;
			sourceTree = "<group>";
		};
		3DBAE43F2571690400B019DB /* Presenters */ = {
			isa = PBXGroup;
			children = (
				3DBAE4402571691500B019DB /* AuthenticatorPresenter.swift */,
			);
			path = Presenters;
			sourceTree = "<group>";
		};
		3DBAE44E25716C4400B019DB /* Authentication */ = {
			isa = PBXGroup;
			children = (
				3DBAE44F25716C8000B019DB /* AuthenticatorDelegateMultiplexerSpec.swift */,
				3DBAE45B25717C9B00B019DB /* AuthenticatorFactorySpec.swift */,
			);
			path = Authentication;
			sourceTree = "<group>";
		};
		3DBAE48025719C6D00B019DB /* Scene */ = {
			isa = PBXGroup;
			children = (
				3DBAE48125719C8000B019DB /* SceneDelegateSpec.swift */,
			);
			path = Scene;
			sourceTree = "<group>";
		};
		3DBAE48725719FDF00B019DB /* Components */ = {
			isa = PBXGroup;
			children = (
				3D8C4A3D257836B000BA3748 /* UI */,
				3DBAE4982571A89D00B019DB /* AppDelegateCommands */,
				3DBAE48825719FF200B019DB /* Command.swift */,
			);
			path = Components;
			sourceTree = "<group>";
		};
		3DBAE4982571A89D00B019DB /* AppDelegateCommands */ = {
			isa = PBXGroup;
			children = (
				3DBAE48E2571A05C00B019DB /* AppDelegateCommandBuilder.swift */,
				3DBAE4922571A3CA00B019DB /* RegisterUserDefaultsCommand.swift */,
			);
			path = AppDelegateCommands;
			sourceTree = "<group>";
		};
/* End PBXGroup section */

/* Begin PBXNativeTarget section */
		3DBAE3E3257161E200B019DB /* Insurgency */ = {
			isa = PBXNativeTarget;
			buildConfigurationList = 3DBAE3F8257161E500B019DB /* Build configuration list for PBXNativeTarget "Insurgency" */;
			buildPhases = (
				3DBAE3E0257161E200B019DB /* Sources */,
				3DBAE3E1257161E200B019DB /* Frameworks */,
				3DBAE3E2257161E200B019DB /* Resources */,
			);
			buildRules = (
			);
			dependencies = (
			);
			name = Insurgency;
			productName = Insurgency;
			productReference = 3DBAE3E4257161E200B019DB /* Insurgency.app */;
			productType = "com.apple.product-type.application";
		};
		3DBAE40D2571656200B019DB /* InsurgencyTests */ = {
			isa = PBXNativeTarget;
			buildConfigurationList = 3DBAE4152571656200B019DB /* Build configuration list for PBXNativeTarget "InsurgencyTests" */;
			buildPhases = (
				3DBAE40A2571656200B019DB /* Sources */,
				3DBAE40B2571656200B019DB /* Frameworks */,
				3DBAE40C2571656200B019DB /* Resources */,
			);
			buildRules = (
			);
			dependencies = (
				3DBAE4142571656200B019DB /* PBXTargetDependency */,
			);
			name = InsurgencyTests;
			packageProductDependencies = (
				3DBAE41B257165C600B019DB /* Quick */,
				3DBAE420257165EF00B019DB /* Nimble */,
				3DBAE4662571868500B019DB /* SpecLeaks */,
			);
			productName = InsurgencyTests;
			productReference = 3DBAE40E2571656200B019DB /* InsurgencyTests.xctest */;
			productType = "com.apple.product-type.bundle.unit-test";
		};
/* End PBXNativeTarget section */

/* Begin PBXProject section */
		3DBAE3DC257161E200B019DB /* Project object */ = {
			isa = PBXProject;
			attributes = {
				LastSwiftUpdateCheck = 1220;
				LastUpgradeCheck = 1220;
				TargetAttributes = {
					3DBAE3E3257161E200B019DB = {
						CreatedOnToolsVersion = 12.2;
					};
					3DBAE40D2571656200B019DB = {
						CreatedOnToolsVersion = 12.2;
						LastSwiftMigration = 1220;
						TestTargetID = 3DBAE3E3257161E200B019DB;
					};
				};
			};
			buildConfigurationList = 3DBAE3DF257161E200B019DB /* Build configuration list for PBXProject "Insurgency" */;
			compatibilityVersion = "Xcode 9.3";
			developmentRegion = en;
			hasScannedForEncodings = 0;
			knownRegions = (
				en,
				Base,
			);
			mainGroup = 3DBAE3DB257161E200B019DB;
			packageReferences = (
				3DBAE41A257165C600B019DB /* XCRemoteSwiftPackageReference "Quick" */,
				3DBAE41F257165EF00B019DB /* XCRemoteSwiftPackageReference "Nimble" */,
				3DBAE4652571868500B019DB /* XCRemoteSwiftPackageReference "specleaks" */,
			);
			productRefGroup = 3DBAE3E5257161E200B019DB /* Products */;
			projectDirPath = "";
			projectRoot = "";
			targets = (
				3DBAE3E3257161E200B019DB /* Insurgency */,
				3DBAE40D2571656200B019DB /* InsurgencyTests */,
			);
		};
/* End PBXProject section */

/* Begin PBXResourcesBuildPhase section */
		3DBAE3E2257161E200B019DB /* Resources */ = {
			isa = PBXResourcesBuildPhase;
			buildActionMask = 2147483647;
			files = (
				3DBAE4042571630D00B019DB /* PreviewAssets.xcassets in Resources */,
				3DBAE3F4257161E500B019DB /* LaunchScreen.storyboard in Resources */,
				3DBAE3EE257161E500B019DB /* Assets.xcassets in Resources */,
			);
			runOnlyForDeploymentPostprocessing = 0;
		};
		3DBAE40C2571656200B019DB /* Resources */ = {
			isa = PBXResourcesBuildPhase;
			buildActionMask = 2147483647;
			files = (
			);
			runOnlyForDeploymentPostprocessing = 0;
		};
/* End PBXResourcesBuildPhase section */

/* Begin PBXSourcesBuildPhase section */
		3DBAE3E0257161E200B019DB /* Sources */ = {
			isa = PBXSourcesBuildPhase;
			buildActionMask = 2147483647;
			files = (
				3DBAE4472571697D00B019DB /* AuthenticatorDelegateMultiplexer.swift in Sources */,
				3D8C498B25779F6400BA3748 /* Podcast.swift in Sources */,
				3DBAE475257197FE00B019DB /* SceneDelegateMultiplexer.swift in Sources */,
				3D8C4A3F257836B900BA3748 /* NavigationSearch.swift in Sources */,
				3D8C4A4F25784B7500BA3748 /* ActivityIndicator.swift in Sources */,
				3DBAE42E257167AA00B019DB /* Authenticator.swift in Sources */,
				3DBAE471257197B800B019DB /* SceneDelegateLogger.swift in Sources */,
				3DBAE47B257198A200B019DB /* SceneDelegateWindowScene.swift in Sources */,
				3DBAE4932571A3CA00B019DB /* RegisterUserDefaultsCommand.swift in Sources */,
				3D8C499125779F9A00BA3748 /* Episode.swift in Sources */,
				3D8C499C2577A1D500BA3748 /* URLRepositoryResponse.swift in Sources */,
				3D8C4A1E2578183900BA3748 /* PodcastListView.swift in Sources */,
				3DBAE3E8257161E200B019DB /* AppDelegate.swift in Sources */,
				3D8C49A02577A1EF00BA3748 /* URLRepositoryProtocol.swift in Sources */,
				3DBAE4412571691500B019DB /* AuthenticatorPresenter.swift in Sources */,
				3DBAE4342571689F00B019DB /* FirebaseAnalyticsAuthenticatorTracker.swift in Sources */,
				3DBAE48F2571A05C00B019DB /* AppDelegateCommandBuilder.swift in Sources */,
				3DBAE3EA257161E200B019DB /* SceneDelegate.swift in Sources */,
				3D8C49A42577A23E00BA3748 /* URLHost.swift in Sources */,
				3DBAE46225717CEB00B019DB /* AuthenticatorFactory.swift in Sources */,
				3DBAE4282571678200B019DB /* Credentials.swift in Sources */,
				3DBAE48925719FF200B019DB /* Command.swift in Sources */,
				3DBAE3EC257161E200B019DB /* ContentView.swift in Sources */,
				3D8C4A2D2578209E00BA3748 /* PodcastListViewModel.swift in Sources */,
				3D8C4A3A257831FB00BA3748 /* PodcastListItemView.swift in Sources */,
				3DBAE46B25718F3B00B019DB /* AuthenticatorLogger.swift in Sources */,
				3D8C4A31257820C000BA3748 /* PodcastListItemViewModel.swift in Sources */,
				3D8C49982577A03000BA3748 /* PodcastRepository.swift in Sources */,
			);
			runOnlyForDeploymentPostprocessing = 0;
		};
		3DBAE40A2571656200B019DB /* Sources */ = {
			isa = PBXSourcesBuildPhase;
			buildActionMask = 2147483647;
			files = (
				3DBAE45025716C8000B019DB /* AuthenticatorDelegateMultiplexerSpec.swift in Sources */,
				3DBAE48225719C8000B019DB /* SceneDelegateSpec.swift in Sources */,
				3DBAE45C25717C9B00B019DB /* AuthenticatorFactorySpec.swift in Sources */,
			);
			runOnlyForDeploymentPostprocessing = 0;
		};
/* End PBXSourcesBuildPhase section */

/* Begin PBXTargetDependency section */
		3DBAE4142571656200B019DB /* PBXTargetDependency */ = {
			isa = PBXTargetDependency;
			target = 3DBAE3E3257161E200B019DB /* Insurgency */;
			targetProxy = 3DBAE4132571656200B019DB /* PBXContainerItemProxy */;
		};
/* End PBXTargetDependency section */

/* Begin PBXVariantGroup section */
		3DBAE3F2257161E500B019DB /* LaunchScreen.storyboard */ = {
			isa = PBXVariantGroup;
			children = (
				3DBAE3F3257161E500B019DB /* Base */,
			);
			name = LaunchScreen.storyboard;
			sourceTree = "<group>";
		};
/* End PBXVariantGroup section */

/* Begin XCBuildConfiguration section */
		3DBAE3F6257161E500B019DB /* Debug */ = {
			isa = XCBuildConfiguration;
			buildSettings = {
				ALWAYS_SEARCH_USER_PATHS = NO;
				CLANG_ANALYZER_NONNULL = YES;
				CLANG_ANALYZER_NUMBER_OBJECT_CONVERSION = YES_AGGRESSIVE;
				CLANG_CXX_LANGUAGE_STANDARD = "gnu++14";
				CLANG_CXX_LIBRARY = "libc++";
				CLANG_ENABLE_MODULES = YES;
				CLANG_ENABLE_OBJC_ARC = YES;
				CLANG_ENABLE_OBJC_WEAK = YES;
				CLANG_WARN_BLOCK_CAPTURE_AUTORELEASING = YES;
				CLANG_WARN_BOOL_CONVERSION = YES;
				CLANG_WARN_COMMA = YES;
				CLANG_WARN_CONSTANT_CONVERSION = YES;
				CLANG_WARN_DEPRECATED_OBJC_IMPLEMENTATIONS = YES;
				CLANG_WARN_DIRECT_OBJC_ISA_USAGE = YES_ERROR;
				CLANG_WARN_DOCUMENTATION_COMMENTS = YES;
				CLANG_WARN_EMPTY_BODY = YES;
				CLANG_WARN_ENUM_CONVERSION = YES;
				CLANG_WARN_INFINITE_RECURSION = YES;
				CLANG_WARN_INT_CONVERSION = YES;
				CLANG_WARN_NON_LITERAL_NULL_CONVERSION = YES;
				CLANG_WARN_OBJC_IMPLICIT_RETAIN_SELF = YES;
				CLANG_WARN_OBJC_LITERAL_CONVERSION = YES;
				CLANG_WARN_OBJC_ROOT_CLASS = YES_ERROR;
				CLANG_WARN_QUOTED_INCLUDE_IN_FRAMEWORK_HEADER = YES;
				CLANG_WARN_RANGE_LOOP_ANALYSIS = YES;
				CLANG_WARN_STRICT_PROTOTYPES = YES;
				CLANG_WARN_SUSPICIOUS_MOVE = YES;
				CLANG_WARN_UNGUARDED_AVAILABILITY = YES_AGGRESSIVE;
				CLANG_WARN_UNREACHABLE_CODE = YES;
				CLANG_WARN__DUPLICATE_METHOD_MATCH = YES;
				COPY_PHASE_STRIP = NO;
				DEBUG_INFORMATION_FORMAT = dwarf;
				ENABLE_STRICT_OBJC_MSGSEND = YES;
				ENABLE_TESTABILITY = YES;
				GCC_C_LANGUAGE_STANDARD = gnu11;
				GCC_DYNAMIC_NO_PIC = NO;
				GCC_NO_COMMON_BLOCKS = YES;
				GCC_OPTIMIZATION_LEVEL = 0;
				GCC_PREPROCESSOR_DEFINITIONS = (
					"DEBUG=1",
					"$(inherited)",
				);
				GCC_WARN_64_TO_32_BIT_CONVERSION = YES;
				GCC_WARN_ABOUT_RETURN_TYPE = YES_ERROR;
				GCC_WARN_UNDECLARED_SELECTOR = YES;
				GCC_WARN_UNINITIALIZED_AUTOS = YES_AGGRESSIVE;
				GCC_WARN_UNUSED_FUNCTION = YES;
				GCC_WARN_UNUSED_VARIABLE = YES;
				IPHONEOS_DEPLOYMENT_TARGET = 14.2;
				MTL_ENABLE_DEBUG_INFO = INCLUDE_SOURCE;
				MTL_FAST_MATH = YES;
				ONLY_ACTIVE_ARCH = YES;
				SDKROOT = iphoneos;
				SWIFT_ACTIVE_COMPILATION_CONDITIONS = DEBUG;
				SWIFT_OPTIMIZATION_LEVEL = "-Onone";
			};
			name = Debug;
		};
		3DBAE3F7257161E500B019DB /* Release */ = {
			isa = XCBuildConfiguration;
			buildSettings = {
				ALWAYS_SEARCH_USER_PATHS = NO;
				CLANG_ANALYZER_NONNULL = YES;
				CLANG_ANALYZER_NUMBER_OBJECT_CONVERSION = YES_AGGRESSIVE;
				CLANG_CXX_LANGUAGE_STANDARD = "gnu++14";
				CLANG_CXX_LIBRARY = "libc++";
				CLANG_ENABLE_MODULES = YES;
				CLANG_ENABLE_OBJC_ARC = YES;
				CLANG_ENABLE_OBJC_WEAK = YES;
				CLANG_WARN_BLOCK_CAPTURE_AUTORELEASING = YES;
				CLANG_WARN_BOOL_CONVERSION = YES;
				CLANG_WARN_COMMA = YES;
				CLANG_WARN_CONSTANT_CONVERSION = YES;
				CLANG_WARN_DEPRECATED_OBJC_IMPLEMENTATIONS = YES;
				CLANG_WARN_DIRECT_OBJC_ISA_USAGE = YES_ERROR;
				CLANG_WARN_DOCUMENTATION_COMMENTS = YES;
				CLANG_WARN_EMPTY_BODY = YES;
				CLANG_WARN_ENUM_CONVERSION = YES;
				CLANG_WARN_INFINITE_RECURSION = YES;
				CLANG_WARN_INT_CONVERSION = YES;
				CLANG_WARN_NON_LITERAL_NULL_CONVERSION = YES;
				CLANG_WARN_OBJC_IMPLICIT_RETAIN_SELF = YES;
				CLANG_WARN_OBJC_LITERAL_CONVERSION = YES;
				CLANG_WARN_OBJC_ROOT_CLASS = YES_ERROR;
				CLANG_WARN_QUOTED_INCLUDE_IN_FRAMEWORK_HEADER = YES;
				CLANG_WARN_RANGE_LOOP_ANALYSIS = YES;
				CLANG_WARN_STRICT_PROTOTYPES = YES;
				CLANG_WARN_SUSPICIOUS_MOVE = YES;
				CLANG_WARN_UNGUARDED_AVAILABILITY = YES_AGGRESSIVE;
				CLANG_WARN_UNREACHABLE_CODE = YES;
				CLANG_WARN__DUPLICATE_METHOD_MATCH = YES;
				COPY_PHASE_STRIP = NO;
				DEBUG_INFORMATION_FORMAT = "dwarf-with-dsym";
				ENABLE_NS_ASSERTIONS = NO;
				ENABLE_STRICT_OBJC_MSGSEND = YES;
				GCC_C_LANGUAGE_STANDARD = gnu11;
				GCC_NO_COMMON_BLOCKS = YES;
				GCC_WARN_64_TO_32_BIT_CONVERSION = YES;
				GCC_WARN_ABOUT_RETURN_TYPE = YES_ERROR;
				GCC_WARN_UNDECLARED_SELECTOR = YES;
				GCC_WARN_UNINITIALIZED_AUTOS = YES_AGGRESSIVE;
				GCC_WARN_UNUSED_FUNCTION = YES;
				GCC_WARN_UNUSED_VARIABLE = YES;
				IPHONEOS_DEPLOYMENT_TARGET = 14.2;
				MTL_ENABLE_DEBUG_INFO = NO;
				MTL_FAST_MATH = YES;
				SDKROOT = iphoneos;
				SWIFT_COMPILATION_MODE = wholemodule;
				SWIFT_OPTIMIZATION_LEVEL = "-O";
				VALIDATE_PRODUCT = YES;
			};
			name = Release;
		};
		3DBAE3F9257161E500B019DB /* Debug */ = {
			isa = XCBuildConfiguration;
			buildSettings = {
				ASSETCATALOG_COMPILER_APPICON_NAME = AppIcon;
				ASSETCATALOG_COMPILER_GLOBAL_ACCENT_COLOR_NAME = AccentColor;
				CODE_SIGN_STYLE = Automatic;
				DEVELOPMENT_ASSET_PATHS = "";
				DEVELOPMENT_TEAM = JPE45M57J4;
				ENABLE_PREVIEWS = YES;
				INFOPLIST_FILE = Insurgency/Info.plist;
				LD_RUNPATH_SEARCH_PATHS = (
					"$(inherited)",
					"@executable_path/Frameworks",
				);
				PRODUCT_BUNDLE_IDENTIFIER = me.nspavlo.insurgency;
				PRODUCT_NAME = "$(TARGET_NAME)";
				SWIFT_VERSION = 5.0;
				TARGETED_DEVICE_FAMILY = "1,2";
			};
			name = Debug;
		};
		3DBAE3FA257161E500B019DB /* Release */ = {
			isa = XCBuildConfiguration;
			buildSettings = {
				ASSETCATALOG_COMPILER_APPICON_NAME = AppIcon;
				ASSETCATALOG_COMPILER_GLOBAL_ACCENT_COLOR_NAME = AccentColor;
				CODE_SIGN_STYLE = Automatic;
				DEVELOPMENT_ASSET_PATHS = "";
				DEVELOPMENT_TEAM = JPE45M57J4;
				ENABLE_PREVIEWS = YES;
				INFOPLIST_FILE = Insurgency/Info.plist;
				LD_RUNPATH_SEARCH_PATHS = (
					"$(inherited)",
					"@executable_path/Frameworks",
				);
				PRODUCT_BUNDLE_IDENTIFIER = me.nspavlo.insurgency;
				PRODUCT_NAME = "$(TARGET_NAME)";
				SWIFT_VERSION = 5.0;
				TARGETED_DEVICE_FAMILY = "1,2";
			};
			name = Release;
		};
		3DBAE4162571656200B019DB /* Debug */ = {
			isa = XCBuildConfiguration;
			buildSettings = {
				BUNDLE_LOADER = "$(TEST_HOST)";
				CLANG_ENABLE_MODULES = YES;
				CODE_SIGN_STYLE = Automatic;
				DEVELOPMENT_TEAM = JPE45M57J4;
				INFOPLIST_FILE = InsurgencyTests/Info.plist;
				LD_RUNPATH_SEARCH_PATHS = (
					"$(inherited)",
					"@executable_path/Frameworks",
					"@loader_path/Frameworks",
				);
				PRODUCT_BUNDLE_IDENTIFIER = me.nspavlo.InsurgencyTests;
				PRODUCT_NAME = "$(TARGET_NAME)";
				SWIFT_OPTIMIZATION_LEVEL = "-Onone";
				SWIFT_VERSION = 5.0;
				TARGETED_DEVICE_FAMILY = "1,2";
				TEST_HOST = "$(BUILT_PRODUCTS_DIR)/Insurgency.app/Insurgency";
			};
			name = Debug;
		};
		3DBAE4172571656200B019DB /* Release */ = {
			isa = XCBuildConfiguration;
			buildSettings = {
				BUNDLE_LOADER = "$(TEST_HOST)";
				CLANG_ENABLE_MODULES = YES;
				CODE_SIGN_STYLE = Automatic;
				DEVELOPMENT_TEAM = JPE45M57J4;
				INFOPLIST_FILE = InsurgencyTests/Info.plist;
				LD_RUNPATH_SEARCH_PATHS = (
					"$(inherited)",
					"@executable_path/Frameworks",
					"@loader_path/Frameworks",
				);
				PRODUCT_BUNDLE_IDENTIFIER = me.nspavlo.InsurgencyTests;
				PRODUCT_NAME = "$(TARGET_NAME)";
				SWIFT_VERSION = 5.0;
				TARGETED_DEVICE_FAMILY = "1,2";
				TEST_HOST = "$(BUILT_PRODUCTS_DIR)/Insurgency.app/Insurgency";
			};
			name = Release;
		};
/* End XCBuildConfiguration section */

/* Begin XCConfigurationList section */
		3DBAE3DF257161E200B019DB /* Build configuration list for PBXProject "Insurgency" */ = {
			isa = XCConfigurationList;
			buildConfigurations = (
				3DBAE3F6257161E500B019DB /* Debug */,
				3DBAE3F7257161E500B019DB /* Release */,
			);
			defaultConfigurationIsVisible = 0;
			defaultConfigurationName = Release;
		};
		3DBAE3F8257161E500B019DB /* Build configuration list for PBXNativeTarget "Insurgency" */ = {
			isa = XCConfigurationList;
			buildConfigurations = (
				3DBAE3F9257161E500B019DB /* Debug */,
				3DBAE3FA257161E500B019DB /* Release */,
			);
			defaultConfigurationIsVisible = 0;
			defaultConfigurationName = Release;
		};
		3DBAE4152571656200B019DB /* Build configuration list for PBXNativeTarget "InsurgencyTests" */ = {
			isa = XCConfigurationList;
			buildConfigurations = (
				3DBAE4162571656200B019DB /* Debug */,
				3DBAE4172571656200B019DB /* Release */,
			);
			defaultConfigurationIsVisible = 0;
			defaultConfigurationName = Release;
		};
/* End XCConfigurationList section */

/* Begin XCRemoteSwiftPackageReference section */
		3DBAE41A257165C600B019DB /* XCRemoteSwiftPackageReference "Quick" */ = {
			isa = XCRemoteSwiftPackageReference;
			repositoryURL = "https://github.com/Quick/Quick";
			requirement = {
				kind = upToNextMajorVersion;
				minimumVersion = 3.0.0;
			};
		};
		3DBAE41F257165EF00B019DB /* XCRemoteSwiftPackageReference "Nimble" */ = {
			isa = XCRemoteSwiftPackageReference;
			repositoryURL = "https://github.com/Quick/Nimble";
			requirement = {
				kind = upToNextMajorVersion;
				minimumVersion = 9.0.0;
			};
		};
		3DBAE4652571868500B019DB /* XCRemoteSwiftPackageReference "specleaks" */ = {
			isa = XCRemoteSwiftPackageReference;
			repositoryURL = "https://github.com/leandromperez/specleaks";
			requirement = {
				branch = master;
				kind = branch;
			};
		};
/* End XCRemoteSwiftPackageReference section */

/* Begin XCSwiftPackageProductDependency section */
		3DBAE41B257165C600B019DB /* Quick */ = {
			isa = XCSwiftPackageProductDependency;
			package = 3DBAE41A257165C600B019DB /* XCRemoteSwiftPackageReference "Quick" */;
			productName = Quick;
		};
		3DBAE420257165EF00B019DB /* Nimble */ = {
			isa = XCSwiftPackageProductDependency;
			package = 3DBAE41F257165EF00B019DB /* XCRemoteSwiftPackageReference "Nimble" */;
			productName = Nimble;
		};
		3DBAE4662571868500B019DB /* SpecLeaks */ = {
			isa = XCSwiftPackageProductDependency;
			package = 3DBAE4652571868500B019DB /* XCRemoteSwiftPackageReference "specleaks" */;
			productName = SpecLeaks;
		};
/* End XCSwiftPackageProductDependency section */
	};
	rootObject = 3DBAE3DC257161E200B019DB /* Project object */;
}
