{
  "object": {
    "pins": [
      {
        "package": "combine-schedulers",
        "repositoryURL": "https://github.com/pointfreeco/combine-schedulers",
        "state": {
          "branch": null,
          "revision": "ff42ec9061d864de7982162011321d3df5080c10",
          "version": "0.1.2"
        }
      },
      {
        "package": "CwlCatchException",
        "repositoryURL": "https://github.com/mattgallagher/CwlCatchException.git",
        "state": {
          "branch": null,
          "revision": "f809deb30dc5c9d9b78c872e553261a61177721a",
          "version": "2.0.0"
        }
      },
      {
        "package": "CwlPreconditionTesting",
        "repositoryURL": "https://github.com/mattgallagher/CwlPreconditionTesting.git",
        "state": {
          "branch": null,
          "revision": "02b7a39a99c4da27abe03cab2053a9034379639f",
          "version": "2.0.0"
        }
      },
      {
        "package": "FeedKit",
        "repositoryURL": "https://github.com/nmdias/FeedKit",
        "state": {
          "branch": null,
          "revision": "68493a33d862c33c9a9f67ec729b3b7df1b20ade",
          "version": "9.1.2"
        }
      },
      {
        "package": "FetchImage",
        "repositoryURL": "https://github.com/kean/FetchImage",
        "state": {
          "branch": null,
          "revision": "b9ea4f9f97a4bc9fde452cea277d25d0a4f8f6df",
          "version": "0.2.1"
        }
      },
      {
        "package": "Nimble",
        "repositoryURL": "https://github.com/Quick/Nimble",
        "state": {
          "branch": null,
          "revision": "e491a6731307bb23783bf664d003be9b2fa59ab5",
          "version": "9.0.0"
        }
      },
      {
        "package": "Nuke",
        "repositoryURL": "https://github.com/kean/Nuke.git",
        "state": {
          "branch": null,
          "revision": "ef122e4512e84020dca9d8f598408fdb38658946",
          "version": "9.2.0"
        }
      },
      {
        "package": "Quick",
        "repositoryURL": "https://github.com/Quick/Quick",
        "state": {
          "branch": null,
          "revision": "0038bcbab4292f3b028632556507c124e5ba69f3",
          "version": "3.0.0"
        }
      },
      {
        "package": "SpecLeaks",
        "repositoryURL": "https://github.com/leandromperez/specleaks",
        "state": {
          "branch": "master",
          "revision": "eff9c85401b5fe380ed0faca216fce18b672e641",
          "version": null
        }
      },
      {
        "package": "swift-case-paths",
        "repositoryURL": "https://github.com/pointfreeco/swift-case-paths",
        "state": {
          "branch": null,
          "revision": "ed1838ab4fa5d47db8aa640736dd5b7672548873",
          "version": "0.1.2"
        }
      },
      {
        "package": "swift-composable-architecture",
        "repositoryURL": "https://github.com/pointfreeco/swift-composable-architecture",
        "state": {
          "branch": null,
          "revision": "b67569f69813140cd9c984db33ee959d9711a008",
          "version": "0.9.0"
        }
      }
    ]
  },
  "version": 1
}
